
Microsoft Visual Studio Solution File, Format Version 12.00
# Visual Studio 11
Project("{FAE04EC0-301F-11D3-BF4B-00C04F79EFBC}") = "EnC.AddIn", "EnC.AddIn.csproj", "{BE99CBC7-1512-4AD0-8001-AF337658F120}"
EndProject
Project("{FAE04EC0-301F-11D3-BF4B-00C04F79EFBC}") = "Debugger.Core", "..\Debugger\Debugger.Core\Debugger.Core.csproj", "{1D18D788-F7EE-4585-A23B-34DC8EC63CB8}"
EndProject
Project("{FAE04EC0-301F-11D3-BF4B-00C04F79EFBC}") = "Debugger.AddIn", "..\Debugger\Debugger.AddIn\Debugger.AddIn.csproj", "{EC06F96A-AEEC-49D6-B03D-AB87C6EB674C}"
EndProject
Project("{FAE04EC0-301F-11D3-BF4B-00C04F79EFBC}") = "CSharpBinding", "..\BackendBindings\CSharpBinding\Project\CSharpBinding.csproj", "{1F1AC7CD-D154-45BB-8EAF-804CA8055F5A}"
EndProject
Project("{FAE04EC0-301F-11D3-BF4B-00C04F79EFBC}") = "NRefactory", "..\..\Libraries\NRefactory\Project\NRefactory.csproj", "{3A9AE6AA-BC07-4A2F-972C-581E3AE2F195}"
EndProject
Global
	GlobalSection(SolutionConfigurationPlatforms) = preSolution
		Debug|Any CPU = Debug|Any CPU
		Debug|Mixed Platforms = Debug|Mixed Platforms
		Debug|x86 = Debug|x86
		Release|Any CPU = Release|Any CPU
		Release|Mixed Platforms = Release|Mixed Platforms
		Release|x86 = Release|x86
	EndGlobalSection
	GlobalSection(ProjectConfigurationPlatforms) = postSolution
		{1D18D788-F7EE-4585-A23B-34DC8EC63CB8}.Debug|Any CPU.ActiveCfg = Debug|Any CPU
		{1D18D788-F7EE-4585-A23B-34DC8EC63CB8}.Debug|Any CPU.Build.0 = Debug|Any CPU
		{1D18D788-F7EE-4585-A23B-34DC8EC63CB8}.Debug|Mixed Platforms.ActiveCfg = Debug|Any CPU
		{1D18D788-F7EE-4585-A23B-34DC8EC63CB8}.Debug|Mixed Platforms.Build.0 = Debug|Any CPU
		{1D18D788-F7EE-4585-A23B-34DC8EC63CB8}.Debug|x86.ActiveCfg = Debug|Any CPU
		{1D18D788-F7EE-4585-A23B-34DC8EC63CB8}.Debug|x86.Build.0 = Debug|Any CPU
		{1D18D788-F7EE-4585-A23B-34DC8EC63CB8}.Release|Any CPU.ActiveCfg = Release|Any CPU
		{1D18D788-F7EE-4585-A23B-34DC8EC63CB8}.Release|Any CPU.Build.0 = Release|Any CPU
		{1D18D788-F7EE-4585-A23B-34DC8EC63CB8}.Release|Mixed Platforms.ActiveCfg = Release|Any CPU
		{1D18D788-F7EE-4585-A23B-34DC8EC63CB8}.Release|Mixed Platforms.Build.0 = Release|Any CPU
		{1D18D788-F7EE-4585-A23B-34DC8EC63CB8}.Release|x86.ActiveCfg = Release|Any CPU
		{1D18D788-F7EE-4585-A23B-34DC8EC63CB8}.Release|x86.Build.0 = Release|Any CPU
		{1F1AC7CD-D154-45BB-8EAF-804CA8055F5A}.Debug|Any CPU.ActiveCfg = Debug|Any CPU
		{1F1AC7CD-D154-45BB-8EAF-804CA8055F5A}.Debug|Any CPU.Build.0 = Debug|Any CPU
		{1F1AC7CD-D154-45BB-8EAF-804CA8055F5A}.Debug|Mixed Platforms.ActiveCfg = Debug|Any CPU
		{1F1AC7CD-D154-45BB-8EAF-804CA8055F5A}.Debug|Mixed Platforms.Build.0 = Debug|Any CPU
		{1F1AC7CD-D154-45BB-8EAF-804CA8055F5A}.Debug|x86.ActiveCfg = Debug|Any CPU
		{1F1AC7CD-D154-45BB-8EAF-804CA8055F5A}.Release|Any CPU.ActiveCfg = Release|Any CPU
		{1F1AC7CD-D154-45BB-8EAF-804CA8055F5A}.Release|Any CPU.Build.0 = Release|Any CPU
		{1F1AC7CD-D154-45BB-8EAF-804CA8055F5A}.Release|Mixed Platforms.ActiveCfg = Release|Any CPU
		{1F1AC7CD-D154-45BB-8EAF-804CA8055F5A}.Release|Mixed Platforms.Build.0 = Release|Any CPU
		{1F1AC7CD-D154-45BB-8EAF-804CA8055F5A}.Release|x86.ActiveCfg = Release|Any CPU
		{3A9AE6AA-BC07-4A2F-972C-581E3AE2F195}.Debug|Any CPU.ActiveCfg = Debug|Any CPU
		{3A9AE6AA-BC07-4A2F-972C-581E3AE2F195}.Debug|Any CPU.Build.0 = Debug|Any CPU
		{3A9AE6AA-BC07-4A2F-972C-581E3AE2F195}.Debug|Mixed Platforms.ActiveCfg = Debug|Any CPU
		{3A9AE6AA-BC07-4A2F-972C-581E3AE2F195}.Debug|Mixed Platforms.Build.0 = Debug|Any CPU
		{3A9AE6AA-BC07-4A2F-972C-581E3AE2F195}.Debug|x86.ActiveCfg = Debug|Any CPU
		{3A9AE6AA-BC07-4A2F-972C-581E3AE2F195}.Release|Any CPU.ActiveCfg = Release|Any CPU
		{3A9AE6AA-BC07-4A2F-972C-581E3AE2F195}.Release|Any CPU.Build.0 = Release|Any CPU
		{3A9AE6AA-BC07-4A2F-972C-581E3AE2F195}.Release|Mixed Platforms.ActiveCfg = Release|Any CPU
		{3A9AE6AA-BC07-4A2F-972C-581E3AE2F195}.Release|Mixed Platforms.Build.0 = Release|Any CPU
		{3A9AE6AA-BC07-4A2F-972C-581E3AE2F195}.Release|x86.ActiveCfg = Release|Any CPU
		{BE99CBC7-1512-4AD0-8001-AF337658F120}.Debug|Any CPU.ActiveCfg = Debug|x86
		{BE99CBC7-1512-4AD0-8001-AF337658F120}.Debug|Mixed Platforms.ActiveCfg = Debug|x86
		{BE99CBC7-1512-4AD0-8001-AF337658F120}.Debug|Mixed Platforms.Build.0 = Debug|x86
		{BE99CBC7-1512-4AD0-8001-AF337658F120}.Debug|x86.ActiveCfg = Debug|x86
		{BE99CBC7-1512-4AD0-8001-AF337658F120}.Debug|x86.Build.0 = Debug|x86
		{BE99CBC7-1512-4AD0-8001-AF337658F120}.Release|Any CPU.ActiveCfg = Release|x86
		{BE99CBC7-1512-4AD0-8001-AF337658F120}.Release|Mixed Platforms.ActiveCfg = Release|x86
		{BE99CBC7-1512-4AD0-8001-AF337658F120}.Release|Mixed Platforms.Build.0 = Release|x86
		{BE99CBC7-1512-4AD0-8001-AF337658F120}.Release|x86.ActiveCfg = Release|x86
		{BE99CBC7-1512-4AD0-8001-AF337658F120}.Release|x86.Build.0 = Release|x86
		{EC06F96A-AEEC-49D6-B03D-AB87C6EB674C}.Debug|Any CPU.ActiveCfg = Debug|Any CPU
		{EC06F96A-AEEC-49D6-B03D-AB87C6EB674C}.Debug|Any CPU.Build.0 = Debug|Any CPU
		{EC06F96A-AEEC-49D6-B03D-AB87C6EB674C}.Debug|Mixed Platforms.ActiveCfg = Debug|Any CPU
		{EC06F96A-AEEC-49D6-B03D-AB87C6EB674C}.Debug|Mixed Platforms.Build.0 = Debug|Any CPU
		{EC06F96A-AEEC-49D6-B03D-AB87C6EB674C}.Debug|x86.ActiveCfg = Debug|Any CPU
		{EC06F96A-AEEC-49D6-B03D-AB87C6EB674C}.Debug|x86.Build.0 = Debug|Any CPU
		{EC06F96A-AEEC-49D6-B03D-AB87C6EB674C}.Release|Any CPU.ActiveCfg = Release|Any CPU
		{EC06F96A-AEEC-49D6-B03D-AB87C6EB674C}.Release|Any CPU.Build.0 = Release|Any CPU
		{EC06F96A-AEEC-49D6-B03D-AB87C6EB674C}.Release|Mixed Platforms.ActiveCfg = Release|Any CPU
		{EC06F96A-AEEC-49D6-B03D-AB87C6EB674C}.Release|Mixed Platforms.Build.0 = Release|Any CPU
		{EC06F96A-AEEC-49D6-B03D-AB87C6EB674C}.Release|x86.ActiveCfg = Release|Any CPU
		{EC06F96A-AEEC-49D6-B03D-AB87C6EB674C}.Release|x86.Build.0 = Release|Any CPU
	EndGlobalSection
	GlobalSection(SolutionProperties) = preSolution
		HideSolutionNode = FALSE
	EndGlobalSection
EndGlobal
